
Microsoft Visual Studio Solution File, Format Version 12.00
# Visual Studio Version 17
VisualStudioVersion = 17.6.33723.286
MinimumVisualStudioVersion = 10.0.40219.1
Project("{8BC9CEB8-8B4A-11D0-8D11-00A0C91BC942}") = "RconCpp", "RconCpp.vcxproj", "{38EDF68C-9CF8-4FD5-8A0C-4C772A2E9693}"
EndProject
Global
	GlobalSection(SolutionConfigurationPlatforms) = preSolution
		Debug|x64 = Debug|x64
		Debug|x86 = Debug|x86
		libDebug|x64 = libDebug|x64
		libDebug|x86 = libDebug|x86
		libRelease|x64 = libRelease|x64
		libRelease|x86 = libRelease|x86
		Release|x64 = Release|x64
		Release|x86 = Release|x86
	EndGlobalSection
	GlobalSection(ProjectConfigurationPlatforms) = postSolution
		{38EDF68C-9CF8-4FD5-8A0C-4C772A2E9693}.Debug|x64.ActiveCfg = Debug|Win32
		{38EDF68C-9CF8-4FD5-8A0C-4C772A2E9693}.Debug|x64.Build.0 = Debug|Win32
		{38EDF68C-9CF8-4FD5-8A0C-4C772A2E9693}.Debug|x86.ActiveCfg = Debug|Win32
		{38EDF68C-9CF8-4FD5-8A0C-4C772A2E9693}.Debug|x86.Build.0 = Debug|Win32
		{38EDF68C-9CF8-4FD5-8A0C-4C772A2E9693}.libDebug|x64.ActiveCfg = libDebug|Win32
		{38EDF68C-9CF8-4FD5-8A0C-4C772A2E9693}.libDebug|x64.Build.0 = libDebug|Win32
		{38EDF68C-9CF8-4FD5-8A0C-4C772A2E9693}.libDebug|x86.ActiveCfg = libDebug|Win32
		{38EDF68C-9CF8-4FD5-8A0C-4C772A2E9693}.libDebug|x86.Build.0 = libDebug|Win32
		{38EDF68C-9CF8-4FD5-8A0C-4C772A2E9693}.libRelease|x64.ActiveCfg = libRelease|x64
		{38EDF68C-9CF8-4FD5-8A0C-4C772A2E9693}.libRelease|x64.Build.0 = libRelease|x64
		{38EDF68C-9CF8-4FD5-8A0C-4C772A2E9693}.libRelease|x86.ActiveCfg = libRelease|Win32
		{38EDF68C-9CF8-4FD5-8A0C-4C772A2E9693}.libRelease|x86.Build.0 = libRelease|Win32
		{38EDF68C-9CF8-4FD5-8A0C-4C772A2E9693}.Release|x64.ActiveCfg = Release|x64
		{38EDF68C-9CF8-4FD5-8A0C-4C772A2E9693}.Release|x64.Build.0 = Release|x64
		{38EDF68C-9CF8-4FD5-8A0C-4C772A2E9693}.Release|x86.ActiveCfg = Release|Win32
		{38EDF68C-9CF8-4FD5-8A0C-4C772A2E9693}.Release|x86.Build.0 = Release|Win32
	EndGlobalSection
	GlobalSection(SolutionProperties) = preSolution
		HideSolutionNode = FALSE
	EndGlobalSection
	GlobalSection(ExtensibilityGlobals) = postSolution
		SolutionGuid = {33DAD0E0-CD31-4A61-84DF-E5E0A07D2A37}
	EndGlobalSection
EndGlobal
